
Microsoft Visual Studio Solution File, Format Version 12.00
# Visual Studio Version 17
VisualStudioVersion = 17.12.35527.113
MinimumVisualStudioVersion = 10.0.40219.1
Project("{FAE04EC0-301F-11D3-BF4B-00C04F79EFBC}") = "WebbAPI", "WebbAPI\WebbAPI.csproj", "{24615BD0-E1F2-4E76-9E3B-BE7EA37A3C7F}"
EndProject
Project("{FAE04EC0-301F-11D3-BF4B-00C04F79EFBC}") = "BlazorClient", "BlazorClient\BlazorClient.csproj", "{2FBDAB96-7FB1-4C08-A799-FCAD0EE98AF9}"
EndProject
Global
	GlobalSection(SolutionConfigurationPlatforms) = preSolution
		Debug|Any CPU = Debug|Any CPU
		Release|Any CPU = Release|Any CPU
	EndGlobalSection
	GlobalSection(ProjectConfigurationPlatforms) = postSolution
		{24615BD0-E1F2-4E76-9E3B-BE7EA37A3C7F}.Debug|Any CPU.ActiveCfg = Debug|Any CPU
		{24615BD0-E1F2-4E76-9E3B-BE7EA37A3C7F}.Debug|Any CPU.Build.0 = Debug|Any CPU
		{24615BD0-E1F2-4E76-9E3B-BE7EA37A3C7F}.Release|Any CPU.ActiveCfg = Release|Any CPU
		{24615BD0-E1F2-4E76-9E3B-BE7EA37A3C7F}.Release|Any CPU.Build.0 = Release|Any CPU
		{2FBDAB96-7FB1-4C08-A799-FCAD0EE98AF9}.Debug|Any CPU.ActiveCfg = Debug|Any CPU
		{2FBDAB96-7FB1-4C08-A799-FCAD0EE98AF9}.Debug|Any CPU.Build.0 = Debug|Any CPU
		{2FBDAB96-7FB1-4C08-A799-FCAD0EE98AF9}.Release|Any CPU.ActiveCfg = Release|Any CPU
		{2FBDAB96-7FB1-4C08-A799-FCAD0EE98AF9}.Release|Any CPU.Build.0 = Release|Any CPU
	EndGlobalSection
	GlobalSection(SolutionProperties) = preSolution
		HideSolutionNode = FALSE
	EndGlobalSection
EndGlobal
